// !$*UTF8*$!
{
	archiveVersion = 1;
	classes = {
	};
	objectVersion = 46;
	objects = {

/* Begin PBXBuildFile section */
		23E7802F1331BCED0092800A /* UIKit.framework in Frameworks */ = {isa = PBXBuildFile; fileRef = 23E7802E1331BCED0092800A /* UIKit.framework */; };
		23E780311331BCED0092800A /* Foundation.framework in Frameworks */ = {isa = PBXBuildFile; fileRef = 23E780301331BCED0092800A /* Foundation.framework */; };
		23E780331331BCED0092800A /* CoreGraphics.framework in Frameworks */ = {isa = PBXBuildFile; fileRef = 23E780321331BCED0092800A /* CoreGraphics.framework */; };
		23E780391331BCED0092800A /* InfoPlist.strings in Resources */ = {isa = PBXBuildFile; fileRef = 23E780371331BCED0092800A /* InfoPlist.strings */; };
		23E7803C1331BCED0092800A /* main.m in Sources */ = {isa = PBXBuildFile; fileRef = 23E7803B1331BCED0092800A /* main.m */; };
		23E7803F1331BCEE0092800A /* CellsAppDelegate.m in Sources */ = {isa = PBXBuildFile; fileRef = 23E7803E1331BCEE0092800A /* CellsAppDelegate.m */; };
		23E780421331BCEE0092800A /* MainWindow.xib in Resources */ = {isa = PBXBuildFile; fileRef = 23E780401331BCEE0092800A /* MainWindow.xib */; };
		23E780451331BCEE0092800A /* CellsViewController.m in Sources */ = {isa = PBXBuildFile; fileRef = 23E780441331BCEE0092800A /* CellsViewController.m */; };
		23E780481331BCEE0092800A /* CellsViewController.xib in Resources */ = {isa = PBXBuildFile; fileRef = 23E780461331BCEE0092800A /* CellsViewController.xib */; };
		23E7805713330B2E0092800A /* CustomCell.xib in Resources */ = {isa = PBXBuildFile; fileRef = 23E7805613330B2E0092800A /* CustomCell.xib */; };
/* End PBXBuildFile section */

/* Begin PBXFileReference section */
		23E7802A1331BCED0092800A /* Cells.app */ = {isa = PBXFileReference; explicitFileType = wrapper.application; includeInIndex = 0; path = Cells.app; sourceTree = BUILT_PRODUCTS_DIR; };
		23E7802E1331BCED0092800A /* UIKit.framework */ = {isa = PBXFileReference; lastKnownFileType = wrapper.framework; name = UIKit.framework; path = System/Library/Frameworks/UIKit.framework; sourceTree = SDKROOT; };
		23E780301331BCED0092800A /* Foundation.framework */ = {isa = PBXFileReference; lastKnownFileType = wrapper.framework; name = Foundation.framework; path = System/Library/Frameworks/Foundation.framework; sourceTree = SDKROOT; };
		23E780321331BCED0092800A /* CoreGraphics.framework */ = {isa = PBXFileReference; lastKnownFileType = wrapper.framework; name = CoreGraphics.framework; path = System/Library/Frameworks/CoreGraphics.framework; sourceTree = SDKROOT; };
		23E780361331BCED0092800A /* Cells-Info.plist */ = {isa = PBXFileReference; lastKnownFileType = text.plist.xml; path = "Cells-Info.plist"; sourceTree = "<group>"; };
		23E780381331BCED0092800A /* en */ = {isa = PBXFileReference; lastKnownFileType = text.plist.strings; name = en; path = en.lproj/InfoPlist.strings; sourceTree = "<group>"; };
		23E7803A1331BCED0092800A /* Cells-Prefix.pch */ = {isa = PBXFileReference; lastKnownFileType = sourcecode.c.h; path = "Cells-Prefix.pch"; sourceTree = "<group>"; };
		23E7803B1331BCED0092800A /* main.m */ = {isa = PBXFileReference; lastKnownFileType = sourcecode.c.objc; path = main.m; sourceTree = "<group>"; };
		23E7803D1331BCEE0092800A /* CellsAppDelegate.h */ = {isa = PBXFileReference; lastKnownFileType = sourcecode.c.h; path = CellsAppDelegate.h; sourceTree = "<group>"; };
		23E7803E1331BCEE0092800A /* CellsAppDelegate.m */ = {isa = PBXFileReference; lastKnownFileType = sourcecode.c.objc; path = CellsAppDelegate.m; sourceTree = "<group>"; };
		23E780411331BCEE0092800A /* en */ = {isa = PBXFileReference; lastKnownFileType = file.xib; name = en; path = en.lproj/MainWindow.xib; sourceTree = "<group>"; };
		23E780431331BCEE0092800A /* CellsViewController.h */ = {isa = PBXFileReference; lastKnownFileType = sourcecode.c.h; path = CellsViewController.h; sourceTree = "<group>"; };
		23E780441331BCEE0092800A /* CellsViewController.m */ = {isa = PBXFileReference; lastKnownFileType = sourcecode.c.objc; path = CellsViewController.m; sourceTree = "<group>"; };
		23E780471331BCEE0092800A /* en */ = {isa = PBXFileReference; lastKnownFileType = file.xib; name = en; path = en.lproj/CellsViewController.xib; sourceTree = "<group>"; };
		23E7805613330B2E0092800A /* CustomCell.xib */ = {isa = PBXFileReference; fileEncoding = 4; lastKnownFileType = file.xib; path = CustomCell.xib; sourceTree = "<group>"; };
/* End PBXFileReference section */

/* Begin PBXFrameworksBuildPhase section */
		23E780271331BCED0092800A /* Frameworks */ = {
			isa = PBXFrameworksBuildPhase;
			buildActionMask = 2147483647;
			files = (
				23E7802F1331BCED0092800A /* UIKit.framework in Frameworks */,
				23E780311331BCED0092800A /* Foundation.framework in Frameworks */,
				23E780331331BCED0092800A /* CoreGraphics.framework in Frameworks */,
			);
			runOnlyForDeploymentPostprocessing = 0;
		};
/* End PBXFrameworksBuildPhase section */

/* Begin PBXGroup section */
		23E7801F1331BCED0092800A = {
			isa = PBXGroup;
			children = (
				23E780341331BCED0092800A /* Cells */,
				23E7802D1331BCED0092800A /* Frameworks */,
				23E7802B1331BCED0092800A /* Products */,
			);
			sourceTree = "<group>";
		};
		23E7802B1331BCED0092800A /* Products */ = {
			isa = PBXGroup;
			children = (
				23E7802A1331BCED0092800A /* Cells.app */,
			);
			name = Products;
			sourceTree = "<group>";
		};
		23E7802D1331BCED0092800A /* Frameworks */ = {
			isa = PBXGroup;
			children = (
				23E7802E1331BCED0092800A /* UIKit.framework */,
				23E780301331BCED0092800A /* Foundation.framework */,
				23E780321331BCED0092800A /* CoreGraphics.framework */,
			);
			name = Frameworks;
			sourceTree = "<group>";
		};
		23E780341331BCED0092800A /* Cells */ = {
			isa = PBXGroup;
			children = (
				23E7803D1331BCEE0092800A /* CellsAppDelegate.h */,
				23E7803E1331BCEE0092800A /* CellsAppDelegate.m */,
				23E780401331BCEE0092800A /* MainWindow.xib */,
				23E780431331BCEE0092800A /* CellsViewController.h */,
				23E780441331BCEE0092800A /* CellsViewController.m */,
				23E780461331BCEE0092800A /* CellsViewController.xib */,
				23E780351331BCED0092800A /* Supporting Files */,
			);
			path = Cells;
			sourceTree = "<group>";
		};
		23E780351331BCED0092800A /* Supporting Files */ = {
			isa = PBXGroup;
			children = (
				23E780361331BCED0092800A /* Cells-Info.plist */,
				23E780371331BCED0092800A /* InfoPlist.strings */,
				23E7803A1331BCED0092800A /* Cells-Prefix.pch */,
				23E7803B1331BCED0092800A /* main.m */,
				23E7805613330B2E0092800A /* CustomCell.xib */,
			);
			name = "Supporting Files";
			sourceTree = "<group>";
		};
/* End PBXGroup section */

/* Begin PBXNativeTarget section */
		23E780291331BCED0092800A /* Cells */ = {
			isa = PBXNativeTarget;
			buildConfigurationList = 23E7804B1331BCEE0092800A /* Build configuration list for PBXNativeTarget "Cells" */;
			buildPhases = (
				23E780261331BCED0092800A /* Sources */,
				23E780271331BCED0092800A /* Frameworks */,
				23E780281331BCED0092800A /* Resources */,
			);
			buildRules = (
			);
			dependencies = (
			);
			name = Cells;
			productName = Cells;
			productReference = 23E7802A1331BCED0092800A /* Cells.app */;
			productType = "com.apple.product-type.application";
		};
/* End PBXNativeTarget section */

/* Begin PBXProject section */
		23E780211331BCED0092800A /* Project object */ = {
			isa = PBXProject;
			buildConfigurationList = 23E780241331BCED0092800A /* Build configuration list for PBXProject "Cells" */;
			compatibilityVersion = "Xcode 3.2";
			developmentRegion = English;
			hasScannedForEncodings = 0;
			knownRegions = (
				en,
			);
			mainGroup = 23E7801F1331BCED0092800A;
			productRefGroup = 23E7802B1331BCED0092800A /* Products */;
			projectDirPath = "";
			projectRoot = "";
			targets = (
				23E780291331BCED0092800A /* Cells */,
			);
		};
/* End PBXProject section */

/* Begin PBXResourcesBuildPhase section */
		23E780281331BCED0092800A /* Resources */ = {
			isa = PBXResourcesBuildPhase;
			buildActionMask = 2147483647;
			files = (
				23E780391331BCED0092800A /* InfoPlist.strings in Resources */,
				23E780421331BCEE0092800A /* MainWindow.xib in Resources */,
				23E780481331BCEE0092800A /* CellsViewController.xib in Resources */,
				23E7805713330B2E0092800A /* CustomCell.xib in Resources */,
			);
			runOnlyForDeploymentPostprocessing = 0;
		};
/* End PBXResourcesBuildPhase section */

/* Begin PBXSourcesBuildPhase section */
		23E780261331BCED0092800A /* Sources */ = {
			isa = PBXSourcesBuildPhase;
			buildActionMask = 2147483647;
			files = (
				23E7803C1331BCED0092800A /* main.m in Sources */,
				23E7803F1331BCEE0092800A /* CellsAppDelegate.m in Sources */,
				23E780451331BCEE0092800A /* CellsViewController.m in Sources */,
			);
			runOnlyForDeploymentPostprocessing = 0;
		};
/* End PBXSourcesBuildPhase section */

/* Begin PBXVariantGroup section */
		23E780371331BCED0092800A /* InfoPlist.strings */ = {
			isa = PBXVariantGroup;
			children = (
				23E780381331BCED0092800A /* en */,
			);
			name = InfoPlist.strings;
			sourceTree = "<group>";
		};
		23E780401331BCEE0092800A /* MainWindow.xib */ = {
			isa = PBXVariantGroup;
			children = (
				23E780411331BCEE0092800A /* en */,
			);
			name = MainWindow.xib;
			sourceTree = "<group>";
		};
		23E780461331BCEE0092800A /* CellsViewController.xib */ = {
			isa = PBXVariantGroup;
			children = (
				23E780471331BCEE0092800A /* en */,
			);
			name = CellsViewController.xib;
			sourceTree = "<group>";
		};
/* End PBXVariantGroup section */

/* Begin XCBuildConfiguration section */
		23E780491331BCEE0092800A /* Debug */ = {
			isa = XCBuildConfiguration;
			buildSettings = {
				ARCHS = "$(ARCHS_STANDARD_32_BIT)";
				"CODE_SIGN_IDENTITY[sdk=iphoneos*]" = "iPhone Developer";
				GCC_C_LANGUAGE_STANDARD = gnu99;
				GCC_OPTIMIZATION_LEVEL = 0;
				GCC_PREPROCESSOR_DEFINITIONS = DEBUG;
				GCC_SYMBOLS_PRIVATE_EXTERN = NO;
				GCC_VERSION = com.apple.compilers.llvmgcc42;
				GCC_WARN_ABOUT_RETURN_TYPE = YES;
				GCC_WARN_UNUSED_VARIABLE = YES;
				IPHONEOS_DEPLOYMENT_TARGET = 4.3;
				SDKROOT = iphoneos;
			};
			name = Debug;
		};
		23E7804A1331BCEE0092800A /* Release */ = {
			isa = XCBuildConfiguration;
			buildSettings = {
				ARCHS = "$(ARCHS_STANDARD_32_BIT)";
				"CODE_SIGN_IDENTITY[sdk=iphoneos*]" = "iPhone Developer";
				GCC_C_LANGUAGE_STANDARD = gnu99;
				GCC_VERSION = com.apple.compilers.llvmgcc42;
				GCC_WARN_ABOUT_RETURN_TYPE = YES;
				GCC_WARN_UNUSED_VARIABLE = YES;
				IPHONEOS_DEPLOYMENT_TARGET = 4.3;
				OTHER_CFLAGS = "-DNS_BLOCK_ASSERTIONS=1";
				SDKROOT = iphoneos;
			};
			name = Release;
		};
		23E7804C1331BCEE0092800A /* Debug */ = {
			isa = XCBuildConfiguration;
			buildSettings = {
				ALWAYS_SEARCH_USER_PATHS = NO;
				COPY_PHASE_STRIP = NO;
				GCC_DYNAMIC_NO_PIC = NO;
				GCC_PRECOMPILE_PREFIX_HEADER = YES;
				GCC_PREFIX_HEADER = "Cells/Cells-Prefix.pch";
				INFOPLIST_FILE = "Cells/Cells-Info.plist";
				PRODUCT_NAME = "$(TARGET_NAME)";
				WRAPPER_EXTENSION = app;
			};
			name = Debug;
		};
		23E7804D1331BCEE0092800A /* Release */ = {
			isa = XCBuildConfiguration;
			buildSettings = {
				ALWAYS_SEARCH_USER_PATHS = NO;
				COPY_PHASE_STRIP = YES;
				GCC_PRECOMPILE_PREFIX_HEADER = YES;
				GCC_PREFIX_HEADER = "Cells/Cells-Prefix.pch";
				INFOPLIST_FILE = "Cells/Cells-Info.plist";
				PRODUCT_NAME = "$(TARGET_NAME)";
				VALIDATE_PRODUCT = YES;
				WRAPPER_EXTENSION = app;
			};
			name = Release;
		};
/* End XCBuildConfiguration section */

/* Begin XCConfigurationList section */
		23E780241331BCED0092800A /* Build configuration list for PBXProject "Cells" */ = {
			isa = XCConfigurationList;
			buildConfigurations = (
				23E780491331BCEE0092800A /* Debug */,
				23E7804A1331BCEE0092800A /* Release */,
			);
			defaultConfigurationIsVisible = 0;
			defaultConfigurationName = Release;
		};
		23E7804B1331BCEE0092800A /* Build configuration list for PBXNativeTarget "Cells" */ = {
			isa = XCConfigurationList;
			buildConfigurations = (
				23E7804C1331BCEE0092800A /* Debug */,
				23E7804D1331BCEE0092800A /* Release */,
			);
			defaultConfigurationIsVisible = 0;
			defaultConfigurationName = Release;
		};
/* End XCConfigurationList section */
	};
	rootObject = 23E780211331BCED0092800A /* Project object */;
}
