// !$*UTF8*$!
{
	archiveVersion = 1;
	classes = {
	};
	objectVersion = 46;
	objects = {

/* Begin PBXBuildFile section */
		23E13708137B6AE2002A1359 /* UIKit.framework in Frameworks */ = {isa = PBXBuildFile; fileRef = 23E13707137B6AE2002A1359 /* UIKit.framework */; };
		23E1370A137B6AE2002A1359 /* Foundation.framework in Frameworks */ = {isa = PBXBuildFile; fileRef = 23E13709137B6AE2002A1359 /* Foundation.framework */; };
		23E1370C137B6AE2002A1359 /* CoreGraphics.framework in Frameworks */ = {isa = PBXBuildFile; fileRef = 23E1370B137B6AE2002A1359 /* CoreGraphics.framework */; };
		23E13712137B6AE2002A1359 /* InfoPlist.strings in Resources */ = {isa = PBXBuildFile; fileRef = 23E13710137B6AE2002A1359 /* InfoPlist.strings */; };
		23E13715137B6AE2002A1359 /* main.m in Sources */ = {isa = PBXBuildFile; fileRef = 23E13714137B6AE2002A1359 /* main.m */; };
		23E13718137B6AE2002A1359 /* MapAppDelegate.m in Sources */ = {isa = PBXBuildFile; fileRef = 23E13717137B6AE2002A1359 /* MapAppDelegate.m */; };
		23E1371B137B6AE2002A1359 /* MainWindow.xib in Resources */ = {isa = PBXBuildFile; fileRef = 23E13719137B6AE2002A1359 /* MainWindow.xib */; };
		23E13728137B6BB5002A1359 /* MapKit.framework in Frameworks */ = {isa = PBXBuildFile; fileRef = 23E13727137B6BB5002A1359 /* MapKit.framework */; };
		23E13730137B6C34002A1359 /* RootViewController.m in Sources */ = {isa = PBXBuildFile; fileRef = 23E1372F137B6C34002A1359 /* RootViewController.m */; };
		23E13734137B6CA5002A1359 /* TableViewController.m in Sources */ = {isa = PBXBuildFile; fileRef = 23E13732137B6CA5002A1359 /* TableViewController.m */; };
		23F4213B137B8EE000CF8FCF /* TableViewController.xib in Resources */ = {isa = PBXBuildFile; fileRef = 23F4213A137B8EE000CF8FCF /* TableViewController.xib */; };
		23F42159137E328900CF8FCF /* MainView.m in Sources */ = {isa = PBXBuildFile; fileRef = 23F42157137E328900CF8FCF /* MainView.m */; };
		23F4215A137E328900CF8FCF /* MainView.xib in Resources */ = {isa = PBXBuildFile; fileRef = 23F42158137E328900CF8FCF /* MainView.xib */; };
/* End PBXBuildFile section */

/* Begin PBXFileReference section */
		23E13703137B6AE2002A1359 /* Map.app */ = {isa = PBXFileReference; explicitFileType = wrapper.application; includeInIndex = 0; path = Map.app; sourceTree = BUILT_PRODUCTS_DIR; };
		23E13707137B6AE2002A1359 /* UIKit.framework */ = {isa = PBXFileReference; lastKnownFileType = wrapper.framework; name = UIKit.framework; path = System/Library/Frameworks/UIKit.framework; sourceTree = SDKROOT; };
		23E13709137B6AE2002A1359 /* Foundation.framework */ = {isa = PBXFileReference; lastKnownFileType = wrapper.framework; name = Foundation.framework; path = System/Library/Frameworks/Foundation.framework; sourceTree = SDKROOT; };
		23E1370B137B6AE2002A1359 /* CoreGraphics.framework */ = {isa = PBXFileReference; lastKnownFileType = wrapper.framework; name = CoreGraphics.framework; path = System/Library/Frameworks/CoreGraphics.framework; sourceTree = SDKROOT; };
		23E1370F137B6AE2002A1359 /* Map-Info.plist */ = {isa = PBXFileReference; lastKnownFileType = text.plist.xml; path = "Map-Info.plist"; sourceTree = "<group>"; };
		23E13711137B6AE2002A1359 /* en */ = {isa = PBXFileReference; lastKnownFileType = text.plist.strings; name = en; path = en.lproj/InfoPlist.strings; sourceTree = "<group>"; };
		23E13713137B6AE2002A1359 /* Map-Prefix.pch */ = {isa = PBXFileReference; lastKnownFileType = sourcecode.c.h; path = "Map-Prefix.pch"; sourceTree = "<group>"; };
		23E13714137B6AE2002A1359 /* main.m */ = {isa = PBXFileReference; lastKnownFileType = sourcecode.c.objc; path = main.m; sourceTree = "<group>"; };
		23E13716137B6AE2002A1359 /* MapAppDelegate.h */ = {isa = PBXFileReference; lastKnownFileType = sourcecode.c.h; path = MapAppDelegate.h; sourceTree = "<group>"; };
		23E13717137B6AE2002A1359 /* MapAppDelegate.m */ = {isa = PBXFileReference; lastKnownFileType = sourcecode.c.objc; path = MapAppDelegate.m; sourceTree = "<group>"; };
		23E1371A137B6AE2002A1359 /* en */ = {isa = PBXFileReference; lastKnownFileType = file.xib; name = en; path = en.lproj/MainWindow.xib; sourceTree = "<group>"; };
		23E13727137B6BB5002A1359 /* MapKit.framework */ = {isa = PBXFileReference; lastKnownFileType = wrapper.framework; name = MapKit.framework; path = System/Library/Frameworks/MapKit.framework; sourceTree = SDKROOT; };
		23E1372E137B6C34002A1359 /* RootViewController.h */ = {isa = PBXFileReference; fileEncoding = 4; lastKnownFileType = sourcecode.c.h; path = RootViewController.h; sourceTree = "<group>"; };
		23E1372F137B6C34002A1359 /* RootViewController.m */ = {isa = PBXFileReference; fileEncoding = 4; lastKnownFileType = sourcecode.c.objc; path = RootViewController.m; sourceTree = "<group>"; };
		23E13731137B6CA5002A1359 /* TableViewController.h */ = {isa = PBXFileReference; fileEncoding = 4; lastKnownFileType = sourcecode.c.h; path = TableViewController.h; sourceTree = "<group>"; };
		23E13732137B6CA5002A1359 /* TableViewController.m */ = {isa = PBXFileReference; fileEncoding = 4; lastKnownFileType = sourcecode.c.objc; path = TableViewController.m; sourceTree = "<group>"; };
		23F4213A137B8EE000CF8FCF /* TableViewController.xib */ = {isa = PBXFileReference; fileEncoding = 4; lastKnownFileType = file.xib; path = TableViewController.xib; sourceTree = "<group>"; };
		23F42156137E328900CF8FCF /* MainView.h */ = {isa = PBXFileReference; fileEncoding = 4; lastKnownFileType = sourcecode.c.h; path = MainView.h; sourceTree = "<group>"; };
		23F42157137E328900CF8FCF /* MainView.m */ = {isa = PBXFileReference; fileEncoding = 4; lastKnownFileType = sourcecode.c.objc; path = MainView.m; sourceTree = "<group>"; };
		23F42158137E328900CF8FCF /* MainView.xib */ = {isa = PBXFileReference; fileEncoding = 4; lastKnownFileType = file.xib; path = MainView.xib; sourceTree = "<group>"; };
/* End PBXFileReference section */

/* Begin PBXFrameworksBuildPhase section */
		23E13700137B6AE2002A1359 /* Frameworks */ = {
			isa = PBXFrameworksBuildPhase;
			buildActionMask = 2147483647;
			files = (
				23E13728137B6BB5002A1359 /* MapKit.framework in Frameworks */,
				23E13708137B6AE2002A1359 /* UIKit.framework in Frameworks */,
				23E1370A137B6AE2002A1359 /* Foundation.framework in Frameworks */,
				23E1370C137B6AE2002A1359 /* CoreGraphics.framework in Frameworks */,
			);
			runOnlyForDeploymentPostprocessing = 0;
		};
/* End PBXFrameworksBuildPhase section */

/* Begin PBXGroup section */
		23E136F8137B6AE2002A1359 = {
			isa = PBXGroup;
			children = (
				23E13727137B6BB5002A1359 /* MapKit.framework */,
				23E1370D137B6AE2002A1359 /* Map */,
				23E13706137B6AE2002A1359 /* Frameworks */,
				23E13704137B6AE2002A1359 /* Products */,
			);
			sourceTree = "<group>";
		};
		23E13704137B6AE2002A1359 /* Products */ = {
			isa = PBXGroup;
			children = (
				23E13703137B6AE2002A1359 /* Map.app */,
			);
			name = Products;
			sourceTree = "<group>";
		};
		23E13706137B6AE2002A1359 /* Frameworks */ = {
			isa = PBXGroup;
			children = (
				23E13707137B6AE2002A1359 /* UIKit.framework */,
				23E13709137B6AE2002A1359 /* Foundation.framework */,
				23E1370B137B6AE2002A1359 /* CoreGraphics.framework */,
			);
			name = Frameworks;
			sourceTree = "<group>";
		};
		23E1370D137B6AE2002A1359 /* Map */ = {
			isa = PBXGroup;
			children = (
				23E13716137B6AE2002A1359 /* MapAppDelegate.h */,
				23E13717137B6AE2002A1359 /* MapAppDelegate.m */,
				23E13719137B6AE2002A1359 /* MainWindow.xib */,
				23E1370E137B6AE2002A1359 /* Supporting Files */,
				23E13731137B6CA5002A1359 /* TableViewController.h */,
				23E13732137B6CA5002A1359 /* TableViewController.m */,
				23F4213A137B8EE000CF8FCF /* TableViewController.xib */,
			);
			path = Map;
			sourceTree = "<group>";
		};
		23E1370E137B6AE2002A1359 /* Supporting Files */ = {
			isa = PBXGroup;
			children = (
				23E1370F137B6AE2002A1359 /* Map-Info.plist */,
				23E13710137B6AE2002A1359 /* InfoPlist.strings */,
				23E13713137B6AE2002A1359 /* Map-Prefix.pch */,
				23E13714137B6AE2002A1359 /* main.m */,
				23E1372E137B6C34002A1359 /* RootViewController.h */,
				23E1372F137B6C34002A1359 /* RootViewController.m */,
				23F42156137E328900CF8FCF /* MainView.h */,
				23F42157137E328900CF8FCF /* MainView.m */,
				23F42158137E328900CF8FCF /* MainView.xib */,
			);
			name = "Supporting Files";
			sourceTree = "<group>";
		};
/* End PBXGroup section */

/* Begin PBXNativeTarget section */
		23E13702137B6AE2002A1359 /* Map */ = {
			isa = PBXNativeTarget;
			buildConfigurationList = 23E13724137B6AE3002A1359 /* Build configuration list for PBXNativeTarget "Map" */;
			buildPhases = (
				23E136FF137B6AE2002A1359 /* Sources */,
				23E13700137B6AE2002A1359 /* Frameworks */,
				23E13701137B6AE2002A1359 /* Resources */,
			);
			buildRules = (
			);
			dependencies = (
			);
			name = Map;
			productName = Map;
			productReference = 23E13703137B6AE2002A1359 /* Map.app */;
			productType = "com.apple.product-type.application";
		};
/* End PBXNativeTarget section */

/* Begin PBXProject section */
		23E136FA137B6AE2002A1359 /* Project object */ = {
			isa = PBXProject;
			buildConfigurationList = 23E136FD137B6AE2002A1359 /* Build configuration list for PBXProject "Map" */;
			compatibilityVersion = "Xcode 3.2";
			developmentRegion = English;
			hasScannedForEncodings = 0;
			knownRegions = (
				en,
			);
			mainGroup = 23E136F8137B6AE2002A1359;
			productRefGroup = 23E13704137B6AE2002A1359 /* Products */;
			projectDirPath = "";
			projectRoot = "";
			targets = (
				23E13702137B6AE2002A1359 /* Map */,
			);
		};
/* End PBXProject section */

/* Begin PBXResourcesBuildPhase section */
		23E13701137B6AE2002A1359 /* Resources */ = {
			isa = PBXResourcesBuildPhase;
			buildActionMask = 2147483647;
			files = (
				23E13712137B6AE2002A1359 /* InfoPlist.strings in Resources */,
				23E1371B137B6AE2002A1359 /* MainWindow.xib in Resources */,
				23F4213B137B8EE000CF8FCF /* TableViewController.xib in Resources */,
				23F4215A137E328900CF8FCF /* MainView.xib in Resources */,
			);
			runOnlyForDeploymentPostprocessing = 0;
		};
/* End PBXResourcesBuildPhase section */

/* Begin PBXSourcesBuildPhase section */
		23E136FF137B6AE2002A1359 /* Sources */ = {
			isa = PBXSourcesBuildPhase;
			buildActionMask = 2147483647;
			files = (
				23E13715137B6AE2002A1359 /* main.m in Sources */,
				23E13718137B6AE2002A1359 /* MapAppDelegate.m in Sources */,
				23E13730137B6C34002A1359 /* RootViewController.m in Sources */,
				23E13734137B6CA5002A1359 /* TableViewController.m in Sources */,
				23F42159137E328900CF8FCF /* MainView.m in Sources */,
			);
			runOnlyForDeploymentPostprocessing = 0;
		};
/* End PBXSourcesBuildPhase section */

/* Begin PBXVariantGroup section */
		23E13710137B6AE2002A1359 /* InfoPlist.strings */ = {
			isa = PBXVariantGroup;
			children = (
				23E13711137B6AE2002A1359 /* en */,
			);
			name = InfoPlist.strings;
			sourceTree = "<group>";
		};
		23E13719137B6AE2002A1359 /* MainWindow.xib */ = {
			isa = PBXVariantGroup;
			children = (
				23E1371A137B6AE2002A1359 /* en */,
			);
			name = MainWindow.xib;
			sourceTree = "<group>";
		};
/* End PBXVariantGroup section */

/* Begin XCBuildConfiguration section */
		23E13722137B6AE3002A1359 /* Debug */ = {
			isa = XCBuildConfiguration;
			buildSettings = {
				ARCHS = "$(ARCHS_STANDARD_32_BIT)";
				"CODE_SIGN_IDENTITY[sdk=iphoneos*]" = "iPhone Developer";
				GCC_C_LANGUAGE_STANDARD = gnu99;
				GCC_OPTIMIZATION_LEVEL = 0;
				GCC_PREPROCESSOR_DEFINITIONS = DEBUG;
				GCC_SYMBOLS_PRIVATE_EXTERN = NO;
				GCC_VERSION = com.apple.compilers.llvmgcc42;
				GCC_WARN_ABOUT_RETURN_TYPE = YES;
				GCC_WARN_UNUSED_VARIABLE = YES;
				IPHONEOS_DEPLOYMENT_TARGET = 4.3;
				SDKROOT = iphoneos;
			};
			name = Debug;
		};
		23E13723137B6AE3002A1359 /* Release */ = {
			isa = XCBuildConfiguration;
			buildSettings = {
				ARCHS = "$(ARCHS_STANDARD_32_BIT)";
				"CODE_SIGN_IDENTITY[sdk=iphoneos*]" = "iPhone Developer";
				GCC_C_LANGUAGE_STANDARD = gnu99;
				GCC_VERSION = com.apple.compilers.llvmgcc42;
				GCC_WARN_ABOUT_RETURN_TYPE = YES;
				GCC_WARN_UNUSED_VARIABLE = YES;
				IPHONEOS_DEPLOYMENT_TARGET = 4.3;
				OTHER_CFLAGS = "-DNS_BLOCK_ASSERTIONS=1";
				SDKROOT = iphoneos;
			};
			name = Release;
		};
		23E13725137B6AE3002A1359 /* Debug */ = {
			isa = XCBuildConfiguration;
			buildSettings = {
				ALWAYS_SEARCH_USER_PATHS = NO;
				COPY_PHASE_STRIP = NO;
				GCC_DYNAMIC_NO_PIC = NO;
				GCC_PRECOMPILE_PREFIX_HEADER = YES;
				GCC_PREFIX_HEADER = "Map/Map-Prefix.pch";
				INFOPLIST_FILE = "Map/Map-Info.plist";
				PRODUCT_NAME = "$(TARGET_NAME)";
				WRAPPER_EXTENSION = app;
			};
			name = Debug;
		};
		23E13726137B6AE3002A1359 /* Release */ = {
			isa = XCBuildConfiguration;
			buildSettings = {
				ALWAYS_SEARCH_USER_PATHS = NO;
				COPY_PHASE_STRIP = YES;
				GCC_PRECOMPILE_PREFIX_HEADER = YES;
				GCC_PREFIX_HEADER = "Map/Map-Prefix.pch";
				INFOPLIST_FILE = "Map/Map-Info.plist";
				PRODUCT_NAME = "$(TARGET_NAME)";
				VALIDATE_PRODUCT = YES;
				WRAPPER_EXTENSION = app;
			};
			name = Release;
		};
/* End XCBuildConfiguration section */

/* Begin XCConfigurationList section */
		23E136FD137B6AE2002A1359 /* Build configuration list for PBXProject "Map" */ = {
			isa = XCConfigurationList;
			buildConfigurations = (
				23E13722137B6AE3002A1359 /* Debug */,
				23E13723137B6AE3002A1359 /* Release */,
			);
			defaultConfigurationIsVisible = 0;
			defaultConfigurationName = Release;
		};
		23E13724137B6AE3002A1359 /* Build configuration list for PBXNativeTarget "Map" */ = {
			isa = XCConfigurationList;
			buildConfigurations = (
				23E13725137B6AE3002A1359 /* Debug */,
				23E13726137B6AE3002A1359 /* Release */,
			);
			defaultConfigurationIsVisible = 0;
			defaultConfigurationName = Release;
		};
/* End XCConfigurationList section */
	};
	rootObject = 23E136FA137B6AE2002A1359 /* Project object */;
}
