// !$*UTF8*$!
{
	archiveVersion = 1;
	classes = {
	};
	objectVersion = 46;
	objects = {

/* Begin PBXBuildFile section */
		235FC8D8131621AE0028019C /* Foundation.framework in Frameworks */ = {isa = PBXBuildFile; fileRef = 235FC8D7131621AE0028019C /* Foundation.framework */; };
		235FC8DB131621AE0028019C /* main.m in Sources */ = {isa = PBXBuildFile; fileRef = 235FC8DA131621AE0028019C /* main.m */; };
/* End PBXBuildFile section */

/* Begin PBXCopyFilesBuildPhase section */
		235FC8D1131621AE0028019C /* CopyFiles */ = {
			isa = PBXCopyFilesBuildPhase;
			buildActionMask = 2147483647;
			dstPath = /usr/share/man/man1/;
			dstSubfolderSpec = 0;
			files = (
			);
			runOnlyForDeploymentPostprocessing = 1;
		};
/* End PBXCopyFilesBuildPhase section */

/* Begin PBXFileReference section */
		235FC8D3131621AE0028019C /* Program 16 */ = {isa = PBXFileReference; explicitFileType = "compiled.mach-o.executable"; includeInIndex = 0; path = "Program 16"; sourceTree = BUILT_PRODUCTS_DIR; };
		235FC8D7131621AE0028019C /* Foundation.framework */ = {isa = PBXFileReference; lastKnownFileType = wrapper.framework; name = Foundation.framework; path = System/Library/Frameworks/Foundation.framework; sourceTree = SDKROOT; };
		235FC8DA131621AE0028019C /* main.m */ = {isa = PBXFileReference; lastKnownFileType = sourcecode.c.objc; path = main.m; sourceTree = "<group>"; };
		235FC8DD131621AE0028019C /* Program_16-Prefix.pch */ = {isa = PBXFileReference; lastKnownFileType = sourcecode.c.h; path = "Program_16-Prefix.pch"; sourceTree = "<group>"; };
		235FC8DE131621AE0028019C /* Program_16.1 */ = {isa = PBXFileReference; lastKnownFileType = text.man; path = Program_16.1; sourceTree = "<group>"; };
/* End PBXFileReference section */

/* Begin PBXFrameworksBuildPhase section */
		235FC8D0131621AE0028019C /* Frameworks */ = {
			isa = PBXFrameworksBuildPhase;
			buildActionMask = 2147483647;
			files = (
				235FC8D8131621AE0028019C /* Foundation.framework in Frameworks */,
			);
			runOnlyForDeploymentPostprocessing = 0;
		};
/* End PBXFrameworksBuildPhase section */

/* Begin PBXGroup section */
		235FC8C8131621AE0028019C = {
			isa = PBXGroup;
			children = (
				235FC8D9131621AE0028019C /* Program 16 */,
				235FC8D6131621AE0028019C /* Frameworks */,
				235FC8D4131621AE0028019C /* Products */,
			);
			sourceTree = "<group>";
		};
		235FC8D4131621AE0028019C /* Products */ = {
			isa = PBXGroup;
			children = (
				235FC8D3131621AE0028019C /* Program 16 */,
			);
			name = Products;
			sourceTree = "<group>";
		};
		235FC8D6131621AE0028019C /* Frameworks */ = {
			isa = PBXGroup;
			children = (
				235FC8D7131621AE0028019C /* Foundation.framework */,
			);
			name = Frameworks;
			sourceTree = "<group>";
		};
		235FC8D9131621AE0028019C /* Program 16 */ = {
			isa = PBXGroup;
			children = (
				235FC8DA131621AE0028019C /* main.m */,
				235FC8DE131621AE0028019C /* Program_16.1 */,
				235FC8DC131621AE0028019C /* Supporting Files */,
			);
			path = "Program 16";
			sourceTree = "<group>";
		};
		235FC8DC131621AE0028019C /* Supporting Files */ = {
			isa = PBXGroup;
			children = (
				235FC8DD131621AE0028019C /* Program_16-Prefix.pch */,
			);
			name = "Supporting Files";
			sourceTree = "<group>";
		};
/* End PBXGroup section */

/* Begin PBXNativeTarget section */
		235FC8D2131621AE0028019C /* Program 16 */ = {
			isa = PBXNativeTarget;
			buildConfigurationList = 235FC8E1131621AE0028019C /* Build configuration list for PBXNativeTarget "Program 16" */;
			buildPhases = (
				235FC8CF131621AE0028019C /* Sources */,
				235FC8D0131621AE0028019C /* Frameworks */,
				235FC8D1131621AE0028019C /* CopyFiles */,
			);
			buildRules = (
			);
			dependencies = (
			);
			name = "Program 16";
			productName = "Program 16";
			productReference = 235FC8D3131621AE0028019C /* Program 16 */;
			productType = "com.apple.product-type.tool";
		};
/* End PBXNativeTarget section */

/* Begin PBXProject section */
		235FC8CA131621AE0028019C /* Project object */ = {
			isa = PBXProject;
			buildConfigurationList = 235FC8CD131621AE0028019C /* Build configuration list for PBXProject "Program 16" */;
			compatibilityVersion = "Xcode 3.2";
			developmentRegion = English;
			hasScannedForEncodings = 0;
			knownRegions = (
				en,
			);
			mainGroup = 235FC8C8131621AE0028019C;
			productRefGroup = 235FC8D4131621AE0028019C /* Products */;
			projectDirPath = "";
			projectRoot = "";
			targets = (
				235FC8D2131621AE0028019C /* Program 16 */,
			);
		};
/* End PBXProject section */

/* Begin PBXSourcesBuildPhase section */
		235FC8CF131621AE0028019C /* Sources */ = {
			isa = PBXSourcesBuildPhase;
			buildActionMask = 2147483647;
			files = (
				235FC8DB131621AE0028019C /* main.m in Sources */,
			);
			runOnlyForDeploymentPostprocessing = 0;
		};
/* End PBXSourcesBuildPhase section */

/* Begin XCBuildConfiguration section */
		235FC8DF131621AE0028019C /* Debug */ = {
			isa = XCBuildConfiguration;
			buildSettings = {
				ARCHS = "$(ARCHS_STANDARD_32_64_BIT)";
				GCC_C_LANGUAGE_STANDARD = gnu99;
				GCC_OPTIMIZATION_LEVEL = 0;
				GCC_PREPROCESSOR_DEFINITIONS = DEBUG;
				GCC_VERSION = com.apple.compilers.llvm.clang.1_0;
				GCC_WARN_64_TO_32_BIT_CONVERSION = YES;
				GCC_WARN_ABOUT_RETURN_TYPE = YES;
				GCC_WARN_UNUSED_VARIABLE = YES;
				MACOSX_DEPLOYMENT_TARGET = 10.6;
				ONLY_ACTIVE_ARCH = YES;
				SDKROOT = macosx;
			};
			name = Debug;
		};
		235FC8E0131621AE0028019C /* Release */ = {
			isa = XCBuildConfiguration;
			buildSettings = {
				ARCHS = "$(ARCHS_STANDARD_32_64_BIT)";
				GCC_C_LANGUAGE_STANDARD = gnu99;
				GCC_VERSION = com.apple.compilers.llvm.clang.1_0;
				GCC_WARN_64_TO_32_BIT_CONVERSION = YES;
				GCC_WARN_ABOUT_RETURN_TYPE = YES;
				GCC_WARN_UNUSED_VARIABLE = YES;
				MACOSX_DEPLOYMENT_TARGET = 10.6;
				SDKROOT = macosx;
			};
			name = Release;
		};
		235FC8E2131621AE0028019C /* Debug */ = {
			isa = XCBuildConfiguration;
			buildSettings = {
				ALWAYS_SEARCH_USER_PATHS = NO;
				COPY_PHASE_STRIP = NO;
				GCC_DYNAMIC_NO_PIC = NO;
				GCC_ENABLE_OBJC_EXCEPTIONS = YES;
				GCC_PRECOMPILE_PREFIX_HEADER = YES;
				GCC_PREFIX_HEADER = "Program 16/Program_16-Prefix.pch";
				PRODUCT_NAME = "$(TARGET_NAME)";
			};
			name = Debug;
		};
		235FC8E3131621AE0028019C /* Release */ = {
			isa = XCBuildConfiguration;
			buildSettings = {
				ALWAYS_SEARCH_USER_PATHS = NO;
				COPY_PHASE_STRIP = YES;
				DEBUG_INFORMATION_FORMAT = "dwarf-with-dsym";
				GCC_ENABLE_OBJC_EXCEPTIONS = YES;
				GCC_PRECOMPILE_PREFIX_HEADER = YES;
				GCC_PREFIX_HEADER = "Program 16/Program_16-Prefix.pch";
				PRODUCT_NAME = "$(TARGET_NAME)";
			};
			name = Release;
		};
/* End XCBuildConfiguration section */

/* Begin XCConfigurationList section */
		235FC8CD131621AE0028019C /* Build configuration list for PBXProject "Program 16" */ = {
			isa = XCConfigurationList;
			buildConfigurations = (
				235FC8DF131621AE0028019C /* Debug */,
				235FC8E0131621AE0028019C /* Release */,
			);
			defaultConfigurationIsVisible = 0;
			defaultConfigurationName = Release;
		};
		235FC8E1131621AE0028019C /* Build configuration list for PBXNativeTarget "Program 16" */ = {
			isa = XCConfigurationList;
			buildConfigurations = (
				235FC8E2131621AE0028019C /* Debug */,
				235FC8E3131621AE0028019C /* Release */,
			);
			defaultConfigurationIsVisible = 0;
		};
/* End XCConfigurationList section */
	};
	rootObject = 235FC8CA131621AE0028019C /* Project object */;
}
