// !$*UTF8*$!
{
	archiveVersion = 1;
	classes = {
	};
	objectVersion = 46;
	objects = {

/* Begin PBXBuildFile section */
		235FC992131C63120028019C /* UIKit.framework in Frameworks */ = {isa = PBXBuildFile; fileRef = 235FC991131C63120028019C /* UIKit.framework */; };
		235FC994131C63120028019C /* Foundation.framework in Frameworks */ = {isa = PBXBuildFile; fileRef = 235FC993131C63120028019C /* Foundation.framework */; };
		235FC996131C63120028019C /* CoreGraphics.framework in Frameworks */ = {isa = PBXBuildFile; fileRef = 235FC995131C63120028019C /* CoreGraphics.framework */; };
		235FC99C131C63120028019C /* InfoPlist.strings in Resources */ = {isa = PBXBuildFile; fileRef = 235FC99A131C63120028019C /* InfoPlist.strings */; };
		235FC99F131C63120028019C /* main.m in Sources */ = {isa = PBXBuildFile; fileRef = 235FC99E131C63120028019C /* main.m */; };
		235FC9A2131C63120028019C /* iPhone_1AppDelegate.m in Sources */ = {isa = PBXBuildFile; fileRef = 235FC9A1131C63120028019C /* iPhone_1AppDelegate.m */; };
		235FC9A5131C63120028019C /* MainWindow.xib in Resources */ = {isa = PBXBuildFile; fileRef = 235FC9A3131C63120028019C /* MainWindow.xib */; };
		235FC9AC131C63120028019C /* UIKit.framework in Frameworks */ = {isa = PBXBuildFile; fileRef = 235FC991131C63120028019C /* UIKit.framework */; };
		235FC9AD131C63120028019C /* Foundation.framework in Frameworks */ = {isa = PBXBuildFile; fileRef = 235FC993131C63120028019C /* Foundation.framework */; };
		235FC9AE131C63120028019C /* CoreGraphics.framework in Frameworks */ = {isa = PBXBuildFile; fileRef = 235FC995131C63120028019C /* CoreGraphics.framework */; };
		235FC9B6131C63120028019C /* InfoPlist.strings in Resources */ = {isa = PBXBuildFile; fileRef = 235FC9B4131C63120028019C /* InfoPlist.strings */; };
		235FC9B9131C63120028019C /* iPhone_1Tests.h in Resources */ = {isa = PBXBuildFile; fileRef = 235FC9B8131C63120028019C /* iPhone_1Tests.h */; };
		235FC9BB131C63120028019C /* iPhone_1Tests.m in Sources */ = {isa = PBXBuildFile; fileRef = 235FC9BA131C63120028019C /* iPhone_1Tests.m */; };
/* End PBXBuildFile section */

/* Begin PBXContainerItemProxy section */
		235FC9AF131C63120028019C /* PBXContainerItemProxy */ = {
			isa = PBXContainerItemProxy;
			containerPortal = 235FC984131C63120028019C /* Project object */;
			proxyType = 1;
			remoteGlobalIDString = 235FC98C131C63120028019C;
			remoteInfo = iPhone_1;
		};
/* End PBXContainerItemProxy section */

/* Begin PBXFileReference section */
		235FC98D131C63120028019C /* iPhone_1.app */ = {isa = PBXFileReference; explicitFileType = wrapper.application; includeInIndex = 0; path = iPhone_1.app; sourceTree = BUILT_PRODUCTS_DIR; };
		235FC991131C63120028019C /* UIKit.framework */ = {isa = PBXFileReference; lastKnownFileType = wrapper.framework; name = UIKit.framework; path = System/Library/Frameworks/UIKit.framework; sourceTree = SDKROOT; };
		235FC993131C63120028019C /* Foundation.framework */ = {isa = PBXFileReference; lastKnownFileType = wrapper.framework; name = Foundation.framework; path = System/Library/Frameworks/Foundation.framework; sourceTree = SDKROOT; };
		235FC995131C63120028019C /* CoreGraphics.framework */ = {isa = PBXFileReference; lastKnownFileType = wrapper.framework; name = CoreGraphics.framework; path = System/Library/Frameworks/CoreGraphics.framework; sourceTree = SDKROOT; };
		235FC999131C63120028019C /* iPhone_1-Info.plist */ = {isa = PBXFileReference; lastKnownFileType = text.plist.xml; path = "iPhone_1-Info.plist"; sourceTree = "<group>"; };
		235FC99B131C63120028019C /* en */ = {isa = PBXFileReference; lastKnownFileType = text.plist.strings; name = en; path = en.lproj/InfoPlist.strings; sourceTree = "<group>"; };
		235FC99D131C63120028019C /* iPhone_1-Prefix.pch */ = {isa = PBXFileReference; lastKnownFileType = sourcecode.c.h; path = "iPhone_1-Prefix.pch"; sourceTree = "<group>"; };
		235FC99E131C63120028019C /* main.m */ = {isa = PBXFileReference; lastKnownFileType = sourcecode.c.objc; path = main.m; sourceTree = "<group>"; };
		235FC9A0131C63120028019C /* iPhone_1AppDelegate.h */ = {isa = PBXFileReference; lastKnownFileType = sourcecode.c.h; path = iPhone_1AppDelegate.h; sourceTree = "<group>"; };
		235FC9A1131C63120028019C /* iPhone_1AppDelegate.m */ = {isa = PBXFileReference; lastKnownFileType = sourcecode.c.objc; path = iPhone_1AppDelegate.m; sourceTree = "<group>"; };
		235FC9A4131C63120028019C /* en */ = {isa = PBXFileReference; lastKnownFileType = file.xib; name = en; path = en.lproj/MainWindow.xib; sourceTree = "<group>"; };
		235FC9AB131C63120028019C /* iPhone_1Tests.octest */ = {isa = PBXFileReference; explicitFileType = wrapper.cfbundle; includeInIndex = 0; path = iPhone_1Tests.octest; sourceTree = BUILT_PRODUCTS_DIR; };
		235FC9B3131C63120028019C /* iPhone_1Tests-Info.plist */ = {isa = PBXFileReference; lastKnownFileType = text.plist.xml; path = "iPhone_1Tests-Info.plist"; sourceTree = "<group>"; };
		235FC9B5131C63120028019C /* en */ = {isa = PBXFileReference; lastKnownFileType = text.plist.strings; name = en; path = en.lproj/InfoPlist.strings; sourceTree = "<group>"; };
		235FC9B7131C63120028019C /* iPhone_1Tests-Prefix.pch */ = {isa = PBXFileReference; lastKnownFileType = sourcecode.c.h; path = "iPhone_1Tests-Prefix.pch"; sourceTree = "<group>"; };
		235FC9B8131C63120028019C /* iPhone_1Tests.h */ = {isa = PBXFileReference; lastKnownFileType = sourcecode.c.h; path = iPhone_1Tests.h; sourceTree = "<group>"; };
		235FC9BA131C63120028019C /* iPhone_1Tests.m */ = {isa = PBXFileReference; lastKnownFileType = sourcecode.c.objc; path = iPhone_1Tests.m; sourceTree = "<group>"; };
/* End PBXFileReference section */

/* Begin PBXFrameworksBuildPhase section */
		235FC98A131C63120028019C /* Frameworks */ = {
			isa = PBXFrameworksBuildPhase;
			buildActionMask = 2147483647;
			files = (
				235FC992131C63120028019C /* UIKit.framework in Frameworks */,
				235FC994131C63120028019C /* Foundation.framework in Frameworks */,
				235FC996131C63120028019C /* CoreGraphics.framework in Frameworks */,
			);
			runOnlyForDeploymentPostprocessing = 0;
		};
		235FC9A7131C63120028019C /* Frameworks */ = {
			isa = PBXFrameworksBuildPhase;
			buildActionMask = 2147483647;
			files = (
				235FC9AC131C63120028019C /* UIKit.framework in Frameworks */,
				235FC9AD131C63120028019C /* Foundation.framework in Frameworks */,
				235FC9AE131C63120028019C /* CoreGraphics.framework in Frameworks */,
			);
			runOnlyForDeploymentPostprocessing = 0;
		};
/* End PBXFrameworksBuildPhase section */

/* Begin PBXGroup section */
		235FC982131C63120028019C = {
			isa = PBXGroup;
			children = (
				235FC997131C63120028019C /* iPhone_1 */,
				235FC9B1131C63120028019C /* iPhone_1Tests */,
				235FC990131C63120028019C /* Frameworks */,
				235FC98E131C63120028019C /* Products */,
			);
			sourceTree = "<group>";
		};
		235FC98E131C63120028019C /* Products */ = {
			isa = PBXGroup;
			children = (
				235FC98D131C63120028019C /* iPhone_1.app */,
				235FC9AB131C63120028019C /* iPhone_1Tests.octest */,
			);
			name = Products;
			sourceTree = "<group>";
		};
		235FC990131C63120028019C /* Frameworks */ = {
			isa = PBXGroup;
			children = (
				235FC991131C63120028019C /* UIKit.framework */,
				235FC993131C63120028019C /* Foundation.framework */,
				235FC995131C63120028019C /* CoreGraphics.framework */,
			);
			name = Frameworks;
			sourceTree = "<group>";
		};
		235FC997131C63120028019C /* iPhone_1 */ = {
			isa = PBXGroup;
			children = (
				235FC9A0131C63120028019C /* iPhone_1AppDelegate.h */,
				235FC9A1131C63120028019C /* iPhone_1AppDelegate.m */,
				235FC9A3131C63120028019C /* MainWindow.xib */,
				235FC998131C63120028019C /* Supporting Files */,
			);
			path = iPhone_1;
			sourceTree = "<group>";
		};
		235FC998131C63120028019C /* Supporting Files */ = {
			isa = PBXGroup;
			children = (
				235FC999131C63120028019C /* iPhone_1-Info.plist */,
				235FC99A131C63120028019C /* InfoPlist.strings */,
				235FC99D131C63120028019C /* iPhone_1-Prefix.pch */,
				235FC99E131C63120028019C /* main.m */,
			);
			name = "Supporting Files";
			sourceTree = "<group>";
		};
		235FC9B1131C63120028019C /* iPhone_1Tests */ = {
			isa = PBXGroup;
			children = (
				235FC9B8131C63120028019C /* iPhone_1Tests.h */,
				235FC9BA131C63120028019C /* iPhone_1Tests.m */,
				235FC9B2131C63120028019C /* Supporting Files */,
			);
			path = iPhone_1Tests;
			sourceTree = "<group>";
		};
		235FC9B2131C63120028019C /* Supporting Files */ = {
			isa = PBXGroup;
			children = (
				235FC9B3131C63120028019C /* iPhone_1Tests-Info.plist */,
				235FC9B4131C63120028019C /* InfoPlist.strings */,
				235FC9B7131C63120028019C /* iPhone_1Tests-Prefix.pch */,
			);
			name = "Supporting Files";
			sourceTree = "<group>";
		};
/* End PBXGroup section */

/* Begin PBXNativeTarget section */
		235FC98C131C63120028019C /* iPhone_1 */ = {
			isa = PBXNativeTarget;
			buildConfigurationList = 235FC9BE131C63120028019C /* Build configuration list for PBXNativeTarget "iPhone_1" */;
			buildPhases = (
				235FC989131C63120028019C /* Sources */,
				235FC98A131C63120028019C /* Frameworks */,
				235FC98B131C63120028019C /* Resources */,
			);
			buildRules = (
			);
			dependencies = (
			);
			name = iPhone_1;
			productName = iPhone_1;
			productReference = 235FC98D131C63120028019C /* iPhone_1.app */;
			productType = "com.apple.product-type.application";
		};
		235FC9AA131C63120028019C /* iPhone_1Tests */ = {
			isa = PBXNativeTarget;
			buildConfigurationList = 235FC9C1131C63120028019C /* Build configuration list for PBXNativeTarget "iPhone_1Tests" */;
			buildPhases = (
				235FC9A6131C63120028019C /* Sources */,
				235FC9A7131C63120028019C /* Frameworks */,
				235FC9A8131C63120028019C /* Resources */,
				235FC9A9131C63120028019C /* ShellScript */,
			);
			buildRules = (
			);
			dependencies = (
				235FC9B0131C63120028019C /* PBXTargetDependency */,
			);
			name = iPhone_1Tests;
			productName = iPhone_1Tests;
			productReference = 235FC9AB131C63120028019C /* iPhone_1Tests.octest */;
			productType = "com.apple.product-type.bundle";
		};
/* End PBXNativeTarget section */

/* Begin PBXProject section */
		235FC984131C63120028019C /* Project object */ = {
			isa = PBXProject;
			buildConfigurationList = 235FC987131C63120028019C /* Build configuration list for PBXProject "iPhone_1" */;
			compatibilityVersion = "Xcode 3.2";
			developmentRegion = English;
			hasScannedForEncodings = 0;
			knownRegions = (
				en,
			);
			mainGroup = 235FC982131C63120028019C;
			productRefGroup = 235FC98E131C63120028019C /* Products */;
			projectDirPath = "";
			projectRoot = "";
			targets = (
				235FC98C131C63120028019C /* iPhone_1 */,
				235FC9AA131C63120028019C /* iPhone_1Tests */,
			);
		};
/* End PBXProject section */

/* Begin PBXResourcesBuildPhase section */
		235FC98B131C63120028019C /* Resources */ = {
			isa = PBXResourcesBuildPhase;
			buildActionMask = 2147483647;
			files = (
				235FC99C131C63120028019C /* InfoPlist.strings in Resources */,
				235FC9A5131C63120028019C /* MainWindow.xib in Resources */,
			);
			runOnlyForDeploymentPostprocessing = 0;
		};
		235FC9A8131C63120028019C /* Resources */ = {
			isa = PBXResourcesBuildPhase;
			buildActionMask = 2147483647;
			files = (
				235FC9B6131C63120028019C /* InfoPlist.strings in Resources */,
				235FC9B9131C63120028019C /* iPhone_1Tests.h in Resources */,
			);
			runOnlyForDeploymentPostprocessing = 0;
		};
/* End PBXResourcesBuildPhase section */

/* Begin PBXShellScriptBuildPhase section */
		235FC9A9131C63120028019C /* ShellScript */ = {
			isa = PBXShellScriptBuildPhase;
			buildActionMask = 2147483647;
			files = (
			);
			inputPaths = (
			);
			outputPaths = (
			);
			runOnlyForDeploymentPostprocessing = 0;
			shellPath = /bin/sh;
			shellScript = "# Run the unit tests in this test bundle.\n\"${SYSTEM_DEVELOPER_DIR}/Tools/RunUnitTests\"\n";
		};
/* End PBXShellScriptBuildPhase section */

/* Begin PBXSourcesBuildPhase section */
		235FC989131C63120028019C /* Sources */ = {
			isa = PBXSourcesBuildPhase;
			buildActionMask = 2147483647;
			files = (
				235FC99F131C63120028019C /* main.m in Sources */,
				235FC9A2131C63120028019C /* iPhone_1AppDelegate.m in Sources */,
			);
			runOnlyForDeploymentPostprocessing = 0;
		};
		235FC9A6131C63120028019C /* Sources */ = {
			isa = PBXSourcesBuildPhase;
			buildActionMask = 2147483647;
			files = (
				235FC9BB131C63120028019C /* iPhone_1Tests.m in Sources */,
			);
			runOnlyForDeploymentPostprocessing = 0;
		};
/* End PBXSourcesBuildPhase section */

/* Begin PBXTargetDependency section */
		235FC9B0131C63120028019C /* PBXTargetDependency */ = {
			isa = PBXTargetDependency;
			target = 235FC98C131C63120028019C /* iPhone_1 */;
			targetProxy = 235FC9AF131C63120028019C /* PBXContainerItemProxy */;
		};
/* End PBXTargetDependency section */

/* Begin PBXVariantGroup section */
		235FC99A131C63120028019C /* InfoPlist.strings */ = {
			isa = PBXVariantGroup;
			children = (
				235FC99B131C63120028019C /* en */,
			);
			name = InfoPlist.strings;
			sourceTree = "<group>";
		};
		235FC9A3131C63120028019C /* MainWindow.xib */ = {
			isa = PBXVariantGroup;
			children = (
				235FC9A4131C63120028019C /* en */,
			);
			name = MainWindow.xib;
			sourceTree = "<group>";
		};
		235FC9B4131C63120028019C /* InfoPlist.strings */ = {
			isa = PBXVariantGroup;
			children = (
				235FC9B5131C63120028019C /* en */,
			);
			name = InfoPlist.strings;
			sourceTree = "<group>";
		};
/* End PBXVariantGroup section */

/* Begin XCBuildConfiguration section */
		235FC9BC131C63120028019C /* Debug */ = {
			isa = XCBuildConfiguration;
			buildSettings = {
				ARCHS = "$(ARCHS_STANDARD_32_BIT)";
				"CODE_SIGN_IDENTITY[sdk=iphoneos*]" = "iPhone Developer";
				GCC_C_LANGUAGE_STANDARD = gnu99;
				GCC_OPTIMIZATION_LEVEL = 0;
				GCC_PREPROCESSOR_DEFINITIONS = DEBUG;
				GCC_VERSION = com.apple.compilers.llvmgcc42;
				GCC_WARN_ABOUT_RETURN_TYPE = YES;
				GCC_WARN_UNUSED_VARIABLE = YES;
				IPHONEOS_DEPLOYMENT_TARGET = 4.2;
				SDKROOT = iphoneos;
			};
			name = Debug;
		};
		235FC9BD131C63120028019C /* Release */ = {
			isa = XCBuildConfiguration;
			buildSettings = {
				ARCHS = "$(ARCHS_STANDARD_32_BIT)";
				"CODE_SIGN_IDENTITY[sdk=iphoneos*]" = "iPhone Developer";
				GCC_C_LANGUAGE_STANDARD = gnu99;
				GCC_VERSION = com.apple.compilers.llvmgcc42;
				GCC_WARN_ABOUT_RETURN_TYPE = YES;
				GCC_WARN_UNUSED_VARIABLE = YES;
				IPHONEOS_DEPLOYMENT_TARGET = 4.2;
				OTHER_CFLAGS = "-DNS_BLOCK_ASSERTIONS=1";
				SDKROOT = iphoneos;
			};
			name = Release;
		};
		235FC9BF131C63120028019C /* Debug */ = {
			isa = XCBuildConfiguration;
			buildSettings = {
				ALWAYS_SEARCH_USER_PATHS = NO;
				COPY_PHASE_STRIP = NO;
				GCC_DYNAMIC_NO_PIC = NO;
				GCC_PRECOMPILE_PREFIX_HEADER = YES;
				GCC_PREFIX_HEADER = "iPhone_1/iPhone_1-Prefix.pch";
				INFOPLIST_FILE = "iPhone_1/iPhone_1-Info.plist";
				INSTALL_PATH = "$(LOCAL_APPS_DIR)";
				PRODUCT_NAME = "$(TARGET_NAME)";
				WRAPPER_EXTENSION = app;
			};
			name = Debug;
		};
		235FC9C0131C63120028019C /* Release */ = {
			isa = XCBuildConfiguration;
			buildSettings = {
				ALWAYS_SEARCH_USER_PATHS = NO;
				COPY_PHASE_STRIP = YES;
				GCC_PRECOMPILE_PREFIX_HEADER = YES;
				GCC_PREFIX_HEADER = "iPhone_1/iPhone_1-Prefix.pch";
				INFOPLIST_FILE = "iPhone_1/iPhone_1-Info.plist";
				INSTALL_PATH = "$(LOCAL_APPS_DIR)";
				PRODUCT_NAME = "$(TARGET_NAME)";
				VALIDATE_PRODUCT = YES;
				WRAPPER_EXTENSION = app;
			};
			name = Release;
		};
		235FC9C2131C63120028019C /* Debug */ = {
			isa = XCBuildConfiguration;
			buildSettings = {
				ALWAYS_SEARCH_USER_PATHS = NO;
				BUNDLE_LOADER = "$(BUILT_PRODUCTS_DIR)/iPhone_1.app/iPhone_1";
				FRAMEWORK_SEARCH_PATHS = (
					"$(SDKROOT)/Developer/Library/Frameworks",
					"$(DEVELOPER_LIBRARY_DIR)/Frameworks",
				);
				GCC_PRECOMPILE_PREFIX_HEADER = YES;
				GCC_PREFIX_HEADER = "iPhone_1Tests/iPhone_1Tests-Prefix.pch";
				INFOPLIST_FILE = "iPhone_1Tests/iPhone_1Tests-Info.plist";
				OTHER_LDFLAGS = (
					"-framework",
					SenTestingKit,
				);
				PRODUCT_NAME = "$(TARGET_NAME)";
				TEST_HOST = "$(BUNDLE_LOADER)";
				WRAPPER_EXTENSION = octest;
			};
			name = Debug;
		};
		235FC9C3131C63120028019C /* Release */ = {
			isa = XCBuildConfiguration;
			buildSettings = {
				ALWAYS_SEARCH_USER_PATHS = NO;
				BUNDLE_LOADER = "$(BUILT_PRODUCTS_DIR)/iPhone_1.app/iPhone_1";
				FRAMEWORK_SEARCH_PATHS = (
					"$(SDKROOT)/Developer/Library/Frameworks",
					"$(DEVELOPER_LIBRARY_DIR)/Frameworks",
				);
				GCC_PRECOMPILE_PREFIX_HEADER = YES;
				GCC_PREFIX_HEADER = "iPhone_1Tests/iPhone_1Tests-Prefix.pch";
				INFOPLIST_FILE = "iPhone_1Tests/iPhone_1Tests-Info.plist";
				OTHER_LDFLAGS = (
					"-framework",
					SenTestingKit,
				);
				PRODUCT_NAME = "$(TARGET_NAME)";
				TEST_HOST = "$(BUNDLE_LOADER)";
				WRAPPER_EXTENSION = octest;
			};
			name = Release;
		};
/* End XCBuildConfiguration section */

/* Begin XCConfigurationList section */
		235FC987131C63120028019C /* Build configuration list for PBXProject "iPhone_1" */ = {
			isa = XCConfigurationList;
			buildConfigurations = (
				235FC9BC131C63120028019C /* Debug */,
				235FC9BD131C63120028019C /* Release */,
			);
			defaultConfigurationIsVisible = 0;
			defaultConfigurationName = Release;
		};
		235FC9BE131C63120028019C /* Build configuration list for PBXNativeTarget "iPhone_1" */ = {
			isa = XCConfigurationList;
			buildConfigurations = (
				235FC9BF131C63120028019C /* Debug */,
				235FC9C0131C63120028019C /* Release */,
			);
			defaultConfigurationIsVisible = 0;
		};
		235FC9C1131C63120028019C /* Build configuration list for PBXNativeTarget "iPhone_1Tests" */ = {
			isa = XCConfigurationList;
			buildConfigurations = (
				235FC9C2131C63120028019C /* Debug */,
				235FC9C3131C63120028019C /* Release */,
			);
			defaultConfigurationIsVisible = 0;
		};
/* End XCConfigurationList section */
	};
	rootObject = 235FC984131C63120028019C /* Project object */;
}
