// !$*UTF8*$!
{
	archiveVersion = 1;
	classes = {
	};
	objectVersion = 46;
	objects = {

/* Begin PBXBuildFile section */
		23A7561F133855F6006048F9 /* UIKit.framework in Frameworks */ = {isa = PBXBuildFile; fileRef = 23A7561E133855F6006048F9 /* UIKit.framework */; };
		23A75621133855F6006048F9 /* Foundation.framework in Frameworks */ = {isa = PBXBuildFile; fileRef = 23A75620133855F6006048F9 /* Foundation.framework */; };
		23A75623133855F6006048F9 /* CoreGraphics.framework in Frameworks */ = {isa = PBXBuildFile; fileRef = 23A75622133855F6006048F9 /* CoreGraphics.framework */; };
		23A75629133855F6006048F9 /* InfoPlist.strings in Resources */ = {isa = PBXBuildFile; fileRef = 23A75627133855F6006048F9 /* InfoPlist.strings */; };
		23A7562C133855F6006048F9 /* main.m in Sources */ = {isa = PBXBuildFile; fileRef = 23A7562B133855F6006048F9 /* main.m */; };
		23A7562F133855F6006048F9 /* NavAppDelegate.m in Sources */ = {isa = PBXBuildFile; fileRef = 23A7562E133855F6006048F9 /* NavAppDelegate.m */; };
		23A75632133855F6006048F9 /* MainWindow.xib in Resources */ = {isa = PBXBuildFile; fileRef = 23A75630133855F6006048F9 /* MainWindow.xib */; };
		23A7563A1338568F006048F9 /* FirstLevelViewController.m in Sources */ = {isa = PBXBuildFile; fileRef = 23A756391338568F006048F9 /* FirstLevelViewController.m */; };
		23A7563D133859D0006048F9 /* SecondLevelViewController.m in Sources */ = {isa = PBXBuildFile; fileRef = 23A7563C133859D0006048F9 /* SecondLevelViewController.m */; };
/* End PBXBuildFile section */

/* Begin PBXFileReference section */
		23A7561A133855F6006048F9 /* Nav.app */ = {isa = PBXFileReference; explicitFileType = wrapper.application; includeInIndex = 0; path = Nav.app; sourceTree = BUILT_PRODUCTS_DIR; };
		23A7561E133855F6006048F9 /* UIKit.framework */ = {isa = PBXFileReference; lastKnownFileType = wrapper.framework; name = UIKit.framework; path = System/Library/Frameworks/UIKit.framework; sourceTree = SDKROOT; };
		23A75620133855F6006048F9 /* Foundation.framework */ = {isa = PBXFileReference; lastKnownFileType = wrapper.framework; name = Foundation.framework; path = System/Library/Frameworks/Foundation.framework; sourceTree = SDKROOT; };
		23A75622133855F6006048F9 /* CoreGraphics.framework */ = {isa = PBXFileReference; lastKnownFileType = wrapper.framework; name = CoreGraphics.framework; path = System/Library/Frameworks/CoreGraphics.framework; sourceTree = SDKROOT; };
		23A75626133855F6006048F9 /* Nav-Info.plist */ = {isa = PBXFileReference; lastKnownFileType = text.plist.xml; path = "Nav-Info.plist"; sourceTree = "<group>"; };
		23A75628133855F6006048F9 /* en */ = {isa = PBXFileReference; lastKnownFileType = text.plist.strings; name = en; path = en.lproj/InfoPlist.strings; sourceTree = "<group>"; };
		23A7562A133855F6006048F9 /* Nav-Prefix.pch */ = {isa = PBXFileReference; lastKnownFileType = sourcecode.c.h; path = "Nav-Prefix.pch"; sourceTree = "<group>"; };
		23A7562B133855F6006048F9 /* main.m */ = {isa = PBXFileReference; lastKnownFileType = sourcecode.c.objc; path = main.m; sourceTree = "<group>"; };
		23A7562D133855F6006048F9 /* NavAppDelegate.h */ = {isa = PBXFileReference; lastKnownFileType = sourcecode.c.h; path = NavAppDelegate.h; sourceTree = "<group>"; };
		23A7562E133855F6006048F9 /* NavAppDelegate.m */ = {isa = PBXFileReference; lastKnownFileType = sourcecode.c.objc; path = NavAppDelegate.m; sourceTree = "<group>"; };
		23A75631133855F6006048F9 /* en */ = {isa = PBXFileReference; lastKnownFileType = file.xib; name = en; path = en.lproj/MainWindow.xib; sourceTree = "<group>"; };
		23A756381338568F006048F9 /* FirstLevelViewController.h */ = {isa = PBXFileReference; fileEncoding = 4; lastKnownFileType = sourcecode.c.h; path = FirstLevelViewController.h; sourceTree = "<group>"; };
		23A756391338568F006048F9 /* FirstLevelViewController.m */ = {isa = PBXFileReference; fileEncoding = 4; lastKnownFileType = sourcecode.c.objc; path = FirstLevelViewController.m; sourceTree = "<group>"; };
		23A7563B133859D0006048F9 /* SecondLevelViewController.h */ = {isa = PBXFileReference; fileEncoding = 4; lastKnownFileType = sourcecode.c.h; path = SecondLevelViewController.h; sourceTree = "<group>"; };
		23A7563C133859D0006048F9 /* SecondLevelViewController.m */ = {isa = PBXFileReference; fileEncoding = 4; lastKnownFileType = sourcecode.c.objc; path = SecondLevelViewController.m; sourceTree = "<group>"; };
/* End PBXFileReference section */

/* Begin PBXFrameworksBuildPhase section */
		23A75617133855F5006048F9 /* Frameworks */ = {
			isa = PBXFrameworksBuildPhase;
			buildActionMask = 2147483647;
			files = (
				23A7561F133855F6006048F9 /* UIKit.framework in Frameworks */,
				23A75621133855F6006048F9 /* Foundation.framework in Frameworks */,
				23A75623133855F6006048F9 /* CoreGraphics.framework in Frameworks */,
			);
			runOnlyForDeploymentPostprocessing = 0;
		};
/* End PBXFrameworksBuildPhase section */

/* Begin PBXGroup section */
		23A7560F133855F5006048F9 = {
			isa = PBXGroup;
			children = (
				23A75624133855F6006048F9 /* Nav */,
				23A7561D133855F6006048F9 /* Frameworks */,
				23A7561B133855F6006048F9 /* Products */,
			);
			sourceTree = "<group>";
		};
		23A7561B133855F6006048F9 /* Products */ = {
			isa = PBXGroup;
			children = (
				23A7561A133855F6006048F9 /* Nav.app */,
			);
			name = Products;
			sourceTree = "<group>";
		};
		23A7561D133855F6006048F9 /* Frameworks */ = {
			isa = PBXGroup;
			children = (
				23A7561E133855F6006048F9 /* UIKit.framework */,
				23A75620133855F6006048F9 /* Foundation.framework */,
				23A75622133855F6006048F9 /* CoreGraphics.framework */,
			);
			name = Frameworks;
			sourceTree = "<group>";
		};
		23A75624133855F6006048F9 /* Nav */ = {
			isa = PBXGroup;
			children = (
				23A7563B133859D0006048F9 /* SecondLevelViewController.h */,
				23A7563C133859D0006048F9 /* SecondLevelViewController.m */,
				23A756391338568F006048F9 /* FirstLevelViewController.m */,
				23A756381338568F006048F9 /* FirstLevelViewController.h */,
				23A7562D133855F6006048F9 /* NavAppDelegate.h */,
				23A7562E133855F6006048F9 /* NavAppDelegate.m */,
				23A75630133855F6006048F9 /* MainWindow.xib */,
				23A75625133855F6006048F9 /* Supporting Files */,
			);
			path = Nav;
			sourceTree = "<group>";
		};
		23A75625133855F6006048F9 /* Supporting Files */ = {
			isa = PBXGroup;
			children = (
				23A75626133855F6006048F9 /* Nav-Info.plist */,
				23A75627133855F6006048F9 /* InfoPlist.strings */,
				23A7562A133855F6006048F9 /* Nav-Prefix.pch */,
				23A7562B133855F6006048F9 /* main.m */,
			);
			name = "Supporting Files";
			sourceTree = "<group>";
		};
/* End PBXGroup section */

/* Begin PBXNativeTarget section */
		23A75619133855F5006048F9 /* Nav */ = {
			isa = PBXNativeTarget;
			buildConfigurationList = 23A75635133855F6006048F9 /* Build configuration list for PBXNativeTarget "Nav" */;
			buildPhases = (
				23A75616133855F5006048F9 /* Sources */,
				23A75617133855F5006048F9 /* Frameworks */,
				23A75618133855F5006048F9 /* Resources */,
			);
			buildRules = (
			);
			dependencies = (
			);
			name = Nav;
			productName = Nav;
			productReference = 23A7561A133855F6006048F9 /* Nav.app */;
			productType = "com.apple.product-type.application";
		};
/* End PBXNativeTarget section */

/* Begin PBXProject section */
		23A75611133855F5006048F9 /* Project object */ = {
			isa = PBXProject;
			buildConfigurationList = 23A75614133855F5006048F9 /* Build configuration list for PBXProject "Nav" */;
			compatibilityVersion = "Xcode 3.2";
			developmentRegion = English;
			hasScannedForEncodings = 0;
			knownRegions = (
				en,
			);
			mainGroup = 23A7560F133855F5006048F9;
			productRefGroup = 23A7561B133855F6006048F9 /* Products */;
			projectDirPath = "";
			projectRoot = "";
			targets = (
				23A75619133855F5006048F9 /* Nav */,
			);
		};
/* End PBXProject section */

/* Begin PBXResourcesBuildPhase section */
		23A75618133855F5006048F9 /* Resources */ = {
			isa = PBXResourcesBuildPhase;
			buildActionMask = 2147483647;
			files = (
				23A75629133855F6006048F9 /* InfoPlist.strings in Resources */,
				23A75632133855F6006048F9 /* MainWindow.xib in Resources */,
			);
			runOnlyForDeploymentPostprocessing = 0;
		};
/* End PBXResourcesBuildPhase section */

/* Begin PBXSourcesBuildPhase section */
		23A75616133855F5006048F9 /* Sources */ = {
			isa = PBXSourcesBuildPhase;
			buildActionMask = 2147483647;
			files = (
				23A7562C133855F6006048F9 /* main.m in Sources */,
				23A7562F133855F6006048F9 /* NavAppDelegate.m in Sources */,
				23A7563A1338568F006048F9 /* FirstLevelViewController.m in Sources */,
				23A7563D133859D0006048F9 /* SecondLevelViewController.m in Sources */,
			);
			runOnlyForDeploymentPostprocessing = 0;
		};
/* End PBXSourcesBuildPhase section */

/* Begin PBXVariantGroup section */
		23A75627133855F6006048F9 /* InfoPlist.strings */ = {
			isa = PBXVariantGroup;
			children = (
				23A75628133855F6006048F9 /* en */,
			);
			name = InfoPlist.strings;
			sourceTree = "<group>";
		};
		23A75630133855F6006048F9 /* MainWindow.xib */ = {
			isa = PBXVariantGroup;
			children = (
				23A75631133855F6006048F9 /* en */,
			);
			name = MainWindow.xib;
			sourceTree = "<group>";
		};
/* End PBXVariantGroup section */

/* Begin XCBuildConfiguration section */
		23A75633133855F6006048F9 /* Debug */ = {
			isa = XCBuildConfiguration;
			buildSettings = {
				ARCHS = "$(ARCHS_STANDARD_32_BIT)";
				"CODE_SIGN_IDENTITY[sdk=iphoneos*]" = "iPhone Developer";
				GCC_C_LANGUAGE_STANDARD = gnu99;
				GCC_OPTIMIZATION_LEVEL = 0;
				GCC_PREPROCESSOR_DEFINITIONS = DEBUG;
				GCC_SYMBOLS_PRIVATE_EXTERN = NO;
				GCC_VERSION = com.apple.compilers.llvmgcc42;
				GCC_WARN_ABOUT_RETURN_TYPE = YES;
				GCC_WARN_UNUSED_VARIABLE = YES;
				IPHONEOS_DEPLOYMENT_TARGET = 4.3;
				SDKROOT = iphoneos;
			};
			name = Debug;
		};
		23A75634133855F6006048F9 /* Release */ = {
			isa = XCBuildConfiguration;
			buildSettings = {
				ARCHS = "$(ARCHS_STANDARD_32_BIT)";
				"CODE_SIGN_IDENTITY[sdk=iphoneos*]" = "iPhone Developer";
				GCC_C_LANGUAGE_STANDARD = gnu99;
				GCC_VERSION = com.apple.compilers.llvmgcc42;
				GCC_WARN_ABOUT_RETURN_TYPE = YES;
				GCC_WARN_UNUSED_VARIABLE = YES;
				IPHONEOS_DEPLOYMENT_TARGET = 4.3;
				OTHER_CFLAGS = "-DNS_BLOCK_ASSERTIONS=1";
				SDKROOT = iphoneos;
			};
			name = Release;
		};
		23A75636133855F6006048F9 /* Debug */ = {
			isa = XCBuildConfiguration;
			buildSettings = {
				ALWAYS_SEARCH_USER_PATHS = NO;
				COPY_PHASE_STRIP = NO;
				GCC_DYNAMIC_NO_PIC = NO;
				GCC_PRECOMPILE_PREFIX_HEADER = YES;
				GCC_PREFIX_HEADER = "Nav/Nav-Prefix.pch";
				INFOPLIST_FILE = "Nav/Nav-Info.plist";
				PRODUCT_NAME = "$(TARGET_NAME)";
				WRAPPER_EXTENSION = app;
			};
			name = Debug;
		};
		23A75637133855F6006048F9 /* Release */ = {
			isa = XCBuildConfiguration;
			buildSettings = {
				ALWAYS_SEARCH_USER_PATHS = NO;
				COPY_PHASE_STRIP = YES;
				GCC_PRECOMPILE_PREFIX_HEADER = YES;
				GCC_PREFIX_HEADER = "Nav/Nav-Prefix.pch";
				INFOPLIST_FILE = "Nav/Nav-Info.plist";
				PRODUCT_NAME = "$(TARGET_NAME)";
				VALIDATE_PRODUCT = YES;
				WRAPPER_EXTENSION = app;
			};
			name = Release;
		};
/* End XCBuildConfiguration section */

/* Begin XCConfigurationList section */
		23A75614133855F5006048F9 /* Build configuration list for PBXProject "Nav" */ = {
			isa = XCConfigurationList;
			buildConfigurations = (
				23A75633133855F6006048F9 /* Debug */,
				23A75634133855F6006048F9 /* Release */,
			);
			defaultConfigurationIsVisible = 0;
			defaultConfigurationName = Release;
		};
		23A75635133855F6006048F9 /* Build configuration list for PBXNativeTarget "Nav" */ = {
			isa = XCConfigurationList;
			buildConfigurations = (
				23A75636133855F6006048F9 /* Debug */,
				23A75637133855F6006048F9 /* Release */,
			);
			defaultConfigurationIsVisible = 0;
		};
/* End XCConfigurationList section */
	};
	rootObject = 23A75611133855F5006048F9 /* Project object */;
}
