// !$*UTF8*$!
{
	archiveVersion = 1;
	classes = {
	};
	objectVersion = 46;
	objects = {

/* Begin PBXBuildFile section */
		23CBB8D61367C86000B90EE8 /* UIKit.framework in Frameworks */ = {isa = PBXBuildFile; fileRef = 23CBB8D51367C86000B90EE8 /* UIKit.framework */; };
		23CBB8D81367C86000B90EE8 /* Foundation.framework in Frameworks */ = {isa = PBXBuildFile; fileRef = 23CBB8D71367C86000B90EE8 /* Foundation.framework */; };
		23CBB8DA1367C86000B90EE8 /* CoreGraphics.framework in Frameworks */ = {isa = PBXBuildFile; fileRef = 23CBB8D91367C86000B90EE8 /* CoreGraphics.framework */; };
		23CBB8E01367C86000B90EE8 /* InfoPlist.strings in Resources */ = {isa = PBXBuildFile; fileRef = 23CBB8DE1367C86000B90EE8 /* InfoPlist.strings */; };
		23CBB8E31367C86000B90EE8 /* main.m in Sources */ = {isa = PBXBuildFile; fileRef = 23CBB8E21367C86000B90EE8 /* main.m */; };
		23CBB8E61367C86100B90EE8 /* State_LabAppDelegate.m in Sources */ = {isa = PBXBuildFile; fileRef = 23CBB8E51367C86100B90EE8 /* State_LabAppDelegate.m */; };
		23CBB8E91367C86100B90EE8 /* MainWindow.xib in Resources */ = {isa = PBXBuildFile; fileRef = 23CBB8E71367C86100B90EE8 /* MainWindow.xib */; };
		23CBB8EC1367C86100B90EE8 /* State_LabViewController.m in Sources */ = {isa = PBXBuildFile; fileRef = 23CBB8EB1367C86100B90EE8 /* State_LabViewController.m */; };
		23CBB8EF1367C86100B90EE8 /* State_LabViewController.xib in Resources */ = {isa = PBXBuildFile; fileRef = 23CBB8ED1367C86100B90EE8 /* State_LabViewController.xib */; };
		23CBB8FE136C7EB000B90EE8 /* smiley.png in Resources */ = {isa = PBXBuildFile; fileRef = 23CBB8FD136C7EB000B90EE8 /* smiley.png */; };
/* End PBXBuildFile section */

/* Begin PBXFileReference section */
		23CBB8D11367C86000B90EE8 /* State Lab.app */ = {isa = PBXFileReference; explicitFileType = wrapper.application; includeInIndex = 0; path = "State Lab.app"; sourceTree = BUILT_PRODUCTS_DIR; };
		23CBB8D51367C86000B90EE8 /* UIKit.framework */ = {isa = PBXFileReference; lastKnownFileType = wrapper.framework; name = UIKit.framework; path = System/Library/Frameworks/UIKit.framework; sourceTree = SDKROOT; };
		23CBB8D71367C86000B90EE8 /* Foundation.framework */ = {isa = PBXFileReference; lastKnownFileType = wrapper.framework; name = Foundation.framework; path = System/Library/Frameworks/Foundation.framework; sourceTree = SDKROOT; };
		23CBB8D91367C86000B90EE8 /* CoreGraphics.framework */ = {isa = PBXFileReference; lastKnownFileType = wrapper.framework; name = CoreGraphics.framework; path = System/Library/Frameworks/CoreGraphics.framework; sourceTree = SDKROOT; };
		23CBB8DD1367C86000B90EE8 /* State Lab-Info.plist */ = {isa = PBXFileReference; lastKnownFileType = text.plist.xml; path = "State Lab-Info.plist"; sourceTree = "<group>"; };
		23CBB8DF1367C86000B90EE8 /* en */ = {isa = PBXFileReference; lastKnownFileType = text.plist.strings; name = en; path = en.lproj/InfoPlist.strings; sourceTree = "<group>"; };
		23CBB8E11367C86000B90EE8 /* State Lab-Prefix.pch */ = {isa = PBXFileReference; lastKnownFileType = sourcecode.c.h; path = "State Lab-Prefix.pch"; sourceTree = "<group>"; };
		23CBB8E21367C86000B90EE8 /* main.m */ = {isa = PBXFileReference; lastKnownFileType = sourcecode.c.objc; path = main.m; sourceTree = "<group>"; };
		23CBB8E41367C86100B90EE8 /* State_LabAppDelegate.h */ = {isa = PBXFileReference; lastKnownFileType = sourcecode.c.h; path = State_LabAppDelegate.h; sourceTree = "<group>"; };
		23CBB8E51367C86100B90EE8 /* State_LabAppDelegate.m */ = {isa = PBXFileReference; lastKnownFileType = sourcecode.c.objc; path = State_LabAppDelegate.m; sourceTree = "<group>"; };
		23CBB8E81367C86100B90EE8 /* en */ = {isa = PBXFileReference; lastKnownFileType = file.xib; name = en; path = en.lproj/MainWindow.xib; sourceTree = "<group>"; };
		23CBB8EA1367C86100B90EE8 /* State_LabViewController.h */ = {isa = PBXFileReference; lastKnownFileType = sourcecode.c.h; path = State_LabViewController.h; sourceTree = "<group>"; };
		23CBB8EB1367C86100B90EE8 /* State_LabViewController.m */ = {isa = PBXFileReference; lastKnownFileType = sourcecode.c.objc; path = State_LabViewController.m; sourceTree = "<group>"; };
		23CBB8EE1367C86100B90EE8 /* en */ = {isa = PBXFileReference; lastKnownFileType = file.xib; name = en; path = en.lproj/State_LabViewController.xib; sourceTree = "<group>"; };
		23CBB8FD136C7EB000B90EE8 /* smiley.png */ = {isa = PBXFileReference; lastKnownFileType = image.png; path = smiley.png; sourceTree = "<group>"; };
/* End PBXFileReference section */

/* Begin PBXFrameworksBuildPhase section */
		23CBB8CE1367C86000B90EE8 /* Frameworks */ = {
			isa = PBXFrameworksBuildPhase;
			buildActionMask = 2147483647;
			files = (
				23CBB8D61367C86000B90EE8 /* UIKit.framework in Frameworks */,
				23CBB8D81367C86000B90EE8 /* Foundation.framework in Frameworks */,
				23CBB8DA1367C86000B90EE8 /* CoreGraphics.framework in Frameworks */,
			);
			runOnlyForDeploymentPostprocessing = 0;
		};
/* End PBXFrameworksBuildPhase section */

/* Begin PBXGroup section */
		23CBB8C61367C86000B90EE8 = {
			isa = PBXGroup;
			children = (
				23CBB8DB1367C86000B90EE8 /* State Lab */,
				23CBB8D41367C86000B90EE8 /* Frameworks */,
				23CBB8D21367C86000B90EE8 /* Products */,
			);
			sourceTree = "<group>";
		};
		23CBB8D21367C86000B90EE8 /* Products */ = {
			isa = PBXGroup;
			children = (
				23CBB8D11367C86000B90EE8 /* State Lab.app */,
			);
			name = Products;
			sourceTree = "<group>";
		};
		23CBB8D41367C86000B90EE8 /* Frameworks */ = {
			isa = PBXGroup;
			children = (
				23CBB8D51367C86000B90EE8 /* UIKit.framework */,
				23CBB8D71367C86000B90EE8 /* Foundation.framework */,
				23CBB8D91367C86000B90EE8 /* CoreGraphics.framework */,
			);
			name = Frameworks;
			sourceTree = "<group>";
		};
		23CBB8DB1367C86000B90EE8 /* State Lab */ = {
			isa = PBXGroup;
			children = (
				23CBB8E41367C86100B90EE8 /* State_LabAppDelegate.h */,
				23CBB8E51367C86100B90EE8 /* State_LabAppDelegate.m */,
				23CBB8E71367C86100B90EE8 /* MainWindow.xib */,
				23CBB8EA1367C86100B90EE8 /* State_LabViewController.h */,
				23CBB8EB1367C86100B90EE8 /* State_LabViewController.m */,
				23CBB8ED1367C86100B90EE8 /* State_LabViewController.xib */,
				23CBB8DC1367C86000B90EE8 /* Supporting Files */,
			);
			path = "State Lab";
			sourceTree = "<group>";
		};
		23CBB8DC1367C86000B90EE8 /* Supporting Files */ = {
			isa = PBXGroup;
			children = (
				23CBB8FD136C7EB000B90EE8 /* smiley.png */,
				23CBB8DD1367C86000B90EE8 /* State Lab-Info.plist */,
				23CBB8DE1367C86000B90EE8 /* InfoPlist.strings */,
				23CBB8E11367C86000B90EE8 /* State Lab-Prefix.pch */,
				23CBB8E21367C86000B90EE8 /* main.m */,
			);
			name = "Supporting Files";
			sourceTree = "<group>";
		};
/* End PBXGroup section */

/* Begin PBXNativeTarget section */
		23CBB8D01367C86000B90EE8 /* State Lab */ = {
			isa = PBXNativeTarget;
			buildConfigurationList = 23CBB8F21367C86100B90EE8 /* Build configuration list for PBXNativeTarget "State Lab" */;
			buildPhases = (
				23CBB8CD1367C86000B90EE8 /* Sources */,
				23CBB8CE1367C86000B90EE8 /* Frameworks */,
				23CBB8CF1367C86000B90EE8 /* Resources */,
			);
			buildRules = (
			);
			dependencies = (
			);
			name = "State Lab";
			productName = "State Lab";
			productReference = 23CBB8D11367C86000B90EE8 /* State Lab.app */;
			productType = "com.apple.product-type.application";
		};
/* End PBXNativeTarget section */

/* Begin PBXProject section */
		23CBB8C81367C86000B90EE8 /* Project object */ = {
			isa = PBXProject;
			buildConfigurationList = 23CBB8CB1367C86000B90EE8 /* Build configuration list for PBXProject "State Lab" */;
			compatibilityVersion = "Xcode 3.2";
			developmentRegion = English;
			hasScannedForEncodings = 0;
			knownRegions = (
				en,
			);
			mainGroup = 23CBB8C61367C86000B90EE8;
			productRefGroup = 23CBB8D21367C86000B90EE8 /* Products */;
			projectDirPath = "";
			projectRoot = "";
			targets = (
				23CBB8D01367C86000B90EE8 /* State Lab */,
			);
		};
/* End PBXProject section */

/* Begin PBXResourcesBuildPhase section */
		23CBB8CF1367C86000B90EE8 /* Resources */ = {
			isa = PBXResourcesBuildPhase;
			buildActionMask = 2147483647;
			files = (
				23CBB8E01367C86000B90EE8 /* InfoPlist.strings in Resources */,
				23CBB8E91367C86100B90EE8 /* MainWindow.xib in Resources */,
				23CBB8EF1367C86100B90EE8 /* State_LabViewController.xib in Resources */,
				23CBB8FE136C7EB000B90EE8 /* smiley.png in Resources */,
			);
			runOnlyForDeploymentPostprocessing = 0;
		};
/* End PBXResourcesBuildPhase section */

/* Begin PBXSourcesBuildPhase section */
		23CBB8CD1367C86000B90EE8 /* Sources */ = {
			isa = PBXSourcesBuildPhase;
			buildActionMask = 2147483647;
			files = (
				23CBB8E31367C86000B90EE8 /* main.m in Sources */,
				23CBB8E61367C86100B90EE8 /* State_LabAppDelegate.m in Sources */,
				23CBB8EC1367C86100B90EE8 /* State_LabViewController.m in Sources */,
			);
			runOnlyForDeploymentPostprocessing = 0;
		};
/* End PBXSourcesBuildPhase section */

/* Begin PBXVariantGroup section */
		23CBB8DE1367C86000B90EE8 /* InfoPlist.strings */ = {
			isa = PBXVariantGroup;
			children = (
				23CBB8DF1367C86000B90EE8 /* en */,
			);
			name = InfoPlist.strings;
			sourceTree = "<group>";
		};
		23CBB8E71367C86100B90EE8 /* MainWindow.xib */ = {
			isa = PBXVariantGroup;
			children = (
				23CBB8E81367C86100B90EE8 /* en */,
			);
			name = MainWindow.xib;
			sourceTree = "<group>";
		};
		23CBB8ED1367C86100B90EE8 /* State_LabViewController.xib */ = {
			isa = PBXVariantGroup;
			children = (
				23CBB8EE1367C86100B90EE8 /* en */,
			);
			name = State_LabViewController.xib;
			sourceTree = "<group>";
		};
/* End PBXVariantGroup section */

/* Begin XCBuildConfiguration section */
		23CBB8F01367C86100B90EE8 /* Debug */ = {
			isa = XCBuildConfiguration;
			buildSettings = {
				ARCHS = "$(ARCHS_STANDARD_32_BIT)";
				"CODE_SIGN_IDENTITY[sdk=iphoneos*]" = "iPhone Developer";
				GCC_C_LANGUAGE_STANDARD = gnu99;
				GCC_OPTIMIZATION_LEVEL = 0;
				GCC_PREPROCESSOR_DEFINITIONS = DEBUG;
				GCC_SYMBOLS_PRIVATE_EXTERN = NO;
				GCC_VERSION = com.apple.compilers.llvmgcc42;
				GCC_WARN_ABOUT_RETURN_TYPE = YES;
				GCC_WARN_UNUSED_VARIABLE = YES;
				IPHONEOS_DEPLOYMENT_TARGET = 4.3;
				SDKROOT = iphoneos;
			};
			name = Debug;
		};
		23CBB8F11367C86100B90EE8 /* Release */ = {
			isa = XCBuildConfiguration;
			buildSettings = {
				ARCHS = "$(ARCHS_STANDARD_32_BIT)";
				"CODE_SIGN_IDENTITY[sdk=iphoneos*]" = "iPhone Developer";
				GCC_C_LANGUAGE_STANDARD = gnu99;
				GCC_VERSION = com.apple.compilers.llvmgcc42;
				GCC_WARN_ABOUT_RETURN_TYPE = YES;
				GCC_WARN_UNUSED_VARIABLE = YES;
				IPHONEOS_DEPLOYMENT_TARGET = 4.3;
				OTHER_CFLAGS = "-DNS_BLOCK_ASSERTIONS=1";
				SDKROOT = iphoneos;
			};
			name = Release;
		};
		23CBB8F31367C86100B90EE8 /* Debug */ = {
			isa = XCBuildConfiguration;
			buildSettings = {
				ALWAYS_SEARCH_USER_PATHS = NO;
				COPY_PHASE_STRIP = NO;
				GCC_DYNAMIC_NO_PIC = NO;
				GCC_PRECOMPILE_PREFIX_HEADER = YES;
				GCC_PREFIX_HEADER = "State Lab/State Lab-Prefix.pch";
				INFOPLIST_FILE = "State Lab/State Lab-Info.plist";
				PRODUCT_NAME = "$(TARGET_NAME)";
				WRAPPER_EXTENSION = app;
			};
			name = Debug;
		};
		23CBB8F41367C86100B90EE8 /* Release */ = {
			isa = XCBuildConfiguration;
			buildSettings = {
				ALWAYS_SEARCH_USER_PATHS = NO;
				COPY_PHASE_STRIP = YES;
				GCC_PRECOMPILE_PREFIX_HEADER = YES;
				GCC_PREFIX_HEADER = "State Lab/State Lab-Prefix.pch";
				INFOPLIST_FILE = "State Lab/State Lab-Info.plist";
				PRODUCT_NAME = "$(TARGET_NAME)";
				VALIDATE_PRODUCT = YES;
				WRAPPER_EXTENSION = app;
			};
			name = Release;
		};
/* End XCBuildConfiguration section */

/* Begin XCConfigurationList section */
		23CBB8CB1367C86000B90EE8 /* Build configuration list for PBXProject "State Lab" */ = {
			isa = XCConfigurationList;
			buildConfigurations = (
				23CBB8F01367C86100B90EE8 /* Debug */,
				23CBB8F11367C86100B90EE8 /* Release */,
			);
			defaultConfigurationIsVisible = 0;
			defaultConfigurationName = Release;
		};
		23CBB8F21367C86100B90EE8 /* Build configuration list for PBXNativeTarget "State Lab" */ = {
			isa = XCConfigurationList;
			buildConfigurations = (
				23CBB8F31367C86100B90EE8 /* Debug */,
				23CBB8F41367C86100B90EE8 /* Release */,
			);
			defaultConfigurationIsVisible = 0;
			defaultConfigurationName = Release;
		};
/* End XCConfigurationList section */
	};
	rootObject = 23CBB8C81367C86000B90EE8 /* Project object */;
}
